
Microsoft Visual Studio Solution File, Format Version 12.00
# Visual Studio Version 17
VisualStudioVersion = 17.12.35527.113 d17.12
MinimumVisualStudioVersion = 10.0.40219.1
Project("{FAE04EC0-301F-11D3-BF4B-00C04F79EFBC}") = "Hoerbiger.Server", "Hoerbiger.Server\Hoerbiger.Server.csproj", "{734DD403-05C4-44E0-840A-4605124A18D0}"
EndProject
Project("{54A90642-561A-4BB1-A94E-469ADEE60C69}") = "hoerbiger.client", "hoerbiger.client\hoerbiger.client.esproj", "{9C9F7C7D-2A6D-43FD-9051-A14FB8746A16}"
EndProject
Global
	GlobalSection(SolutionConfigurationPlatforms) = preSolution
		Debug|Any CPU = Debug|Any CPU
		Release|Any CPU = Release|Any CPU
	EndGlobalSection
	GlobalSection(ProjectConfigurationPlatforms) = postSolution
		{734DD403-05C4-44E0-840A-4605124A18D0}.Debug|Any CPU.ActiveCfg = Debug|Any CPU
		{734DD403-05C4-44E0-840A-4605124A18D0}.Debug|Any CPU.Build.0 = Debug|Any CPU
		{734DD403-05C4-44E0-840A-4605124A18D0}.Release|Any CPU.ActiveCfg = Release|Any CPU
		{734DD403-05C4-44E0-840A-4605124A18D0}.Release|Any CPU.Build.0 = Release|Any CPU
		{9C9F7C7D-2A6D-43FD-9051-A14FB8746A16}.Debug|Any CPU.ActiveCfg = Debug|Any CPU
		{9C9F7C7D-2A6D-43FD-9051-A14FB8746A16}.Debug|Any CPU.Build.0 = Debug|Any CPU
		{9C9F7C7D-2A6D-43FD-9051-A14FB8746A16}.Debug|Any CPU.Deploy.0 = Debug|Any CPU
		{9C9F7C7D-2A6D-43FD-9051-A14FB8746A16}.Release|Any CPU.ActiveCfg = Release|Any CPU
		{9C9F7C7D-2A6D-43FD-9051-A14FB8746A16}.Release|Any CPU.Build.0 = Release|Any CPU
		{9C9F7C7D-2A6D-43FD-9051-A14FB8746A16}.Release|Any CPU.Deploy.0 = Release|Any CPU
	EndGlobalSection
	GlobalSection(SolutionProperties) = preSolution
		HideSolutionNode = FALSE
	EndGlobalSection
EndGlobal
